
Microsoft Visual Studio Solution File, Format Version 12.00
# Visual Studio Version 17
VisualStudioVersion = 17.13.35931.197
MinimumVisualStudioVersion = 10.0.40219.1
Project("{FAE04EC0-301F-11D3-BF4B-00C04F79EFBC}") = "Electronic_Store_Management", "Electronic_Store_Management\Electronic_Store_Management.csproj", "{12FE74A9-C2DC-4E6D-A530-E9C84901B4F7}"
EndProject
Global
	GlobalSection(SolutionConfigurationPlatforms) = preSolution
		Debug|Any CPU = Debug|Any CPU
		Release|Any CPU = Release|Any CPU
	EndGlobalSection
	GlobalSection(ProjectConfigurationPlatforms) = postSolution
		{12FE74A9-C2DC-4E6D-A530-E9C84901B4F7}.Debug|Any CPU.ActiveCfg = Debug|Any CPU
		{12FE74A9-C2DC-4E6D-A530-E9C84901B4F7}.Debug|Any CPU.Build.0 = Debug|Any CPU
		{12FE74A9-C2DC-4E6D-A530-E9C84901B4F7}.Release|Any CPU.ActiveCfg = Release|Any CPU
		{12FE74A9-C2DC-4E6D-A530-E9C84901B4F7}.Release|Any CPU.Build.0 = Release|Any CPU
	EndGlobalSection
	GlobalSection(SolutionProperties) = preSolution
		HideSolutionNode = FALSE
	EndGlobalSection
	GlobalSection(ExtensibilityGlobals) = postSolution
		SolutionGuid = {8F2A62D3-F0D4-4179-A92F-9270B0B21145}
	EndGlobalSection
EndGlobal
